// !$*UTF8*$!
{
	archiveVersion = 1;
	classes = {
	};
	objectVersion = 56;
	objects = {

/* Begin PBXBuildFile section */
		04087BA22B0C34390060F473 /* ArtiSyncApp.swift in Sources */ = {isa = PBXBuildFile; fileRef = 04087BA12B0C34390060F473 /* ArtiSyncApp.swift */; };
		04087BA42B0C34390060F473 /* ContentView.swift in Sources */ = {isa = PBXBuildFile; fileRef = 04087BA32B0C34390060F473 /* ContentView.swift */; };
		04087BA62B0C343C0060F473 /* Assets.xcassets in Resources */ = {isa = PBXBuildFile; fileRef = 04087BA52B0C343C0060F473 /* Assets.xcassets */; };
		04087BA92B0C343C0060F473 /* Preview Assets.xcassets in Resources */ = {isa = PBXBuildFile; fileRef = 04087BA82B0C343C0060F473 /* Preview Assets.xcassets */; };
		04087BB32B0C36280060F473 /* ForYouView.swift in Sources */ = {isa = PBXBuildFile; fileRef = 04087BB22B0C36280060F473 /* ForYouView.swift */; };
		04087BB72B0C36FB0060F473 /* ProjectPost.swift in Sources */ = {isa = PBXBuildFile; fileRef = 04087BB62B0C36FB0060F473 /* ProjectPost.swift */; };
		04087BB92B0C3F4F0060F473 /* FollowingView.swift in Sources */ = {isa = PBXBuildFile; fileRef = 04087BB82B0C3F4F0060F473 /* FollowingView.swift */; };
		04087BBB2B0C3FAF0060F473 /* HomeView.swift in Sources */ = {isa = PBXBuildFile; fileRef = 04087BBA2B0C3FAF0060F473 /* HomeView.swift */; };
/* End PBXBuildFile section */

/* Begin PBXFileReference section */
		04087B9E2B0C34390060F473 /* ArtiSync.app */ = {isa = PBXFileReference; explicitFileType = wrapper.application; includeInIndex = 0; path = ArtiSync.app; sourceTree = BUILT_PRODUCTS_DIR; };
		04087BA12B0C34390060F473 /* ArtiSyncApp.swift */ = {isa = PBXFileReference; lastKnownFileType = sourcecode.swift; path = ArtiSyncApp.swift; sourceTree = "<group>"; };
		04087BA32B0C34390060F473 /* ContentView.swift */ = {isa = PBXFileReference; lastKnownFileType = sourcecode.swift; path = ContentView.swift; sourceTree = "<group>"; };
		04087BA52B0C343C0060F473 /* Assets.xcassets */ = {isa = PBXFileReference; lastKnownFileType = folder.assetcatalog; path = Assets.xcassets; sourceTree = "<group>"; };
		04087BA82B0C343C0060F473 /* Preview Assets.xcassets */ = {isa = PBXFileReference; lastKnownFileType = folder.assetcatalog; path = "Preview Assets.xcassets"; sourceTree = "<group>"; };
		04087BB22B0C36280060F473 /* ForYouView.swift */ = {isa = PBXFileReference; lastKnownFileType = sourcecode.swift; path = ForYouView.swift; sourceTree = "<group>"; };
		04087BB62B0C36FB0060F473 /* ProjectPost.swift */ = {isa = PBXFileReference; lastKnownFileType = sourcecode.swift; path = ProjectPost.swift; sourceTree = "<group>"; };
		04087BB82B0C3F4F0060F473 /* FollowingView.swift */ = {isa = PBXFileReference; lastKnownFileType = sourcecode.swift; path = FollowingView.swift; sourceTree = "<group>"; };
		04087BBA2B0C3FAF0060F473 /* HomeView.swift */ = {isa = PBXFileReference; lastKnownFileType = sourcecode.swift; path = HomeView.swift; sourceTree = "<group>"; };
/* End PBXFileReference section */

/* Begin PBXFrameworksBuildPhase section */
		04087B9B2B0C34390060F473 /* Frameworks */ = {
			isa = PBXFrameworksBuildPhase;
			buildActionMask = 2147483647;
			files = (
			);
			runOnlyForDeploymentPostprocessing = 0;
		};
/* End PBXFrameworksBuildPhase section */

/* Begin PBXGroup section */
		04087B952B0C34390060F473 = {
			isa = PBXGroup;
			children = (
				04087BA02B0C34390060F473 /* ArtiSync */,
				04087B9F2B0C34390060F473 /* Products */,
			);
			sourceTree = "<group>";
		};
		04087B9F2B0C34390060F473 /* Products */ = {
			isa = PBXGroup;
			children = (
				04087B9E2B0C34390060F473 /* ArtiSync.app */,
			);
			name = Products;
			sourceTree = "<group>";
		};
		04087BA02B0C34390060F473 /* ArtiSync */ = {
			isa = PBXGroup;
			children = (
				04087BA12B0C34390060F473 /* ArtiSyncApp.swift */,
				04087BA32B0C34390060F473 /* ContentView.swift */,
				04087BB42B0C36B40060F473 /* Components */,
				04087BAF2B0C35AE0060F473 /* Main */,
				04087BA52B0C343C0060F473 /* Assets.xcassets */,
				04087BA72B0C343C0060F473 /* Preview Content */,
			);
			path = ArtiSync;
			sourceTree = "<group>";
		};
		04087BA72B0C343C0060F473 /* Preview Content */ = {
			isa = PBXGroup;
			children = (
				04087BA82B0C343C0060F473 /* Preview Assets.xcassets */,
			);
			path = "Preview Content";
			sourceTree = "<group>";
		};
		04087BAF2B0C35AE0060F473 /* Main */ = {
			isa = PBXGroup;
			children = (
				04087BB02B0C35C00060F473 /* Home */,
			);
			path = Main;
			sourceTree = "<group>";
		};
		04087BB02B0C35C00060F473 /* Home */ = {
			isa = PBXGroup;
			children = (
				04087BB12B0C35D10060F473 /* Views */,
			);
			path = Home;
			sourceTree = "<group>";
		};
		04087BB12B0C35D10060F473 /* Views */ = {
			isa = PBXGroup;
			children = (
				04087BB22B0C36280060F473 /* ForYouView.swift */,
				04087BB82B0C3F4F0060F473 /* FollowingView.swift */,
				04087BBA2B0C3FAF0060F473 /* HomeView.swift */,
			);
			path = Views;
			sourceTree = "<group>";
		};
		04087BB42B0C36B40060F473 /* Components */ = {
			isa = PBXGroup;
			children = (
				04087BB52B0C36CA0060F473 /* Home */,
			);
			path = Components;
			sourceTree = "<group>";
		};
		04087BB52B0C36CA0060F473 /* Home */ = {
			isa = PBXGroup;
			children = (
				04087BB62B0C36FB0060F473 /* ProjectPost.swift */,
			);
			path = Home;
			sourceTree = "<group>";
		};
/* End PBXGroup section */

/* Begin PBXNativeTarget section */
		04087B9D2B0C34390060F473 /* ArtiSync */ = {
			isa = PBXNativeTarget;
			buildConfigurationList = 04087BAC2B0C343C0060F473 /* Build configuration list for PBXNativeTarget "ArtiSync" */;
			buildPhases = (
				04087B9A2B0C34390060F473 /* Sources */,
				04087B9B2B0C34390060F473 /* Frameworks */,
				04087B9C2B0C34390060F473 /* Resources */,
			);
			buildRules = (
			);
			dependencies = (
			);
			name = ArtiSync;
			productName = ArtiSync;
			productReference = 04087B9E2B0C34390060F473 /* ArtiSync.app */;
			productType = "com.apple.product-type.application";
		};
/* End PBXNativeTarget section */

/* Begin PBXProject section */
		04087B962B0C34390060F473 /* Project object */ = {
			isa = PBXProject;
			attributes = {
				BuildIndependentTargetsInParallel = 1;
				LastSwiftUpdateCheck = 1430;
				LastUpgradeCheck = 1430;
				TargetAttributes = {
					04087B9D2B0C34390060F473 = {
						CreatedOnToolsVersion = 14.3.1;
					};
				};
			};
			buildConfigurationList = 04087B992B0C34390060F473 /* Build configuration list for PBXProject "ArtiSync" */;
			compatibilityVersion = "Xcode 14.0";
			developmentRegion = en;
			hasScannedForEncodings = 0;
			knownRegions = (
				en,
				Base,
			);
			mainGroup = 04087B952B0C34390060F473;
			productRefGroup = 04087B9F2B0C34390060F473 /* Products */;
			projectDirPath = "";
			projectRoot = "";
			targets = (
				04087B9D2B0C34390060F473 /* ArtiSync */,
			);
		};
/* End PBXProject section */

/* Begin PBXResourcesBuildPhase section */
		04087B9C2B0C34390060F473 /* Resources */ = {
			isa = PBXResourcesBuildPhase;
			buildActionMask = 2147483647;
			files = (
				04087BA92B0C343C0060F473 /* Preview Assets.xcassets in Resources */,
				04087BA62B0C343C0060F473 /* Assets.xcassets in Resources */,
			);
			runOnlyForDeploymentPostprocessing = 0;
		};
/* End PBXResourcesBuildPhase section */

/* Begin PBXSourcesBuildPhase section */
		04087B9A2B0C34390060F473 /* Sources */ = {
			isa = PBXSourcesBuildPhase;
			buildActionMask = 2147483647;
			files = (
				04087BA42B0C34390060F473 /* ContentView.swift in Sources */,
				04087BB72B0C36FB0060F473 /* ProjectPost.swift in Sources */,
				04087BB92B0C3F4F0060F473 /* FollowingView.swift in Sources */,
				04087BBB2B0C3FAF0060F473 /* HomeView.swift in Sources */,
				04087BA22B0C34390060F473 /* ArtiSyncApp.swift in Sources */,
				04087BB32B0C36280060F473 /* ForYouView.swift in Sources */,
			);
			runOnlyForDeploymentPostprocessing = 0;
		};
/* End PBXSourcesBuildPhase section */

/* Begin XCBuildConfiguration section */
		04087BAA2B0C343C0060F473 /* Debug */ = {
			isa = XCBuildConfiguration;
			buildSettings = {
				ALWAYS_SEARCH_USER_PATHS = NO;
				CLANG_ANALYZER_NONNULL = YES;
				CLANG_ANALYZER_NUMBER_OBJECT_CONVERSION = YES_AGGRESSIVE;
				CLANG_CXX_LANGUAGE_STANDARD = "gnu++20";
				CLANG_ENABLE_MODULES = YES;
				CLANG_ENABLE_OBJC_ARC = YES;
				CLANG_ENABLE_OBJC_WEAK = YES;
				CLANG_WARN_BLOCK_CAPTURE_AUTORELEASING = YES;
				CLANG_WARN_BOOL_CONVERSION = YES;
				CLANG_WARN_COMMA = YES;
				CLANG_WARN_CONSTANT_CONVERSION = YES;
				CLANG_WARN_DEPRECATED_OBJC_IMPLEMENTATIONS = YES;
				CLANG_WARN_DIRECT_OBJC_ISA_USAGE = YES_ERROR;
				CLANG_WARN_DOCUMENTATION_COMMENTS = YES;
				CLANG_WARN_EMPTY_BODY = YES;
				CLANG_WARN_ENUM_CONVERSION = YES;
				CLANG_WARN_INFINITE_RECURSION = YES;
				CLANG_WARN_INT_CONVERSION = YES;
				CLANG_WARN_NON_LITERAL_NULL_CONVERSION = YES;
				CLANG_WARN_OBJC_IMPLICIT_RETAIN_SELF = YES;
				CLANG_WARN_OBJC_LITERAL_CONVERSION = YES;
				CLANG_WARN_OBJC_ROOT_CLASS = YES_ERROR;
				CLANG_WARN_QUOTED_INCLUDE_IN_FRAMEWORK_HEADER = YES;
				CLANG_WARN_RANGE_LOOP_ANALYSIS = YES;
				CLANG_WARN_STRICT_PROTOTYPES = YES;
				CLANG_WARN_SUSPICIOUS_MOVE = YES;
				CLANG_WARN_UNGUARDED_AVAILABILITY = YES_AGGRESSIVE;
				CLANG_WARN_UNREACHABLE_CODE = YES;
				CLANG_WARN__DUPLICATE_METHOD_MATCH = YES;
				COPY_PHASE_STRIP = NO;
				DEBUG_INFORMATION_FORMAT = dwarf;
				ENABLE_STRICT_OBJC_MSGSEND = YES;
				ENABLE_TESTABILITY = YES;
				GCC_C_LANGUAGE_STANDARD = gnu11;
				GCC_DYNAMIC_NO_PIC = NO;
				GCC_NO_COMMON_BLOCKS = YES;
				GCC_OPTIMIZATION_LEVEL = 0;
				GCC_PREPROCESSOR_DEFINITIONS = (
					"DEBUG=1",
					"$(inherited)",
				);
				GCC_WARN_64_TO_32_BIT_CONVERSION = YES;
				GCC_WARN_ABOUT_RETURN_TYPE = YES_ERROR;
				GCC_WARN_UNDECLARED_SELECTOR = YES;
				GCC_WARN_UNINITIALIZED_AUTOS = YES_AGGRESSIVE;
				GCC_WARN_UNUSED_FUNCTION = YES;
				GCC_WARN_UNUSED_VARIABLE = YES;
				IPHONEOS_DEPLOYMENT_TARGET = 16.4;
				MTL_ENABLE_DEBUG_INFO = INCLUDE_SOURCE;
				MTL_FAST_MATH = YES;
				ONLY_ACTIVE_ARCH = YES;
				SDKROOT = iphoneos;
				SWIFT_ACTIVE_COMPILATION_CONDITIONS = DEBUG;
				SWIFT_OPTIMIZATION_LEVEL = "-Onone";
			};
			name = Debug;
		};
		04087BAB2B0C343C0060F473 /* Release */ = {
			isa = XCBuildConfiguration;
			buildSettings = {
				ALWAYS_SEARCH_USER_PATHS = NO;
				CLANG_ANALYZER_NONNULL = YES;
				CLANG_ANALYZER_NUMBER_OBJECT_CONVERSION = YES_AGGRESSIVE;
				CLANG_CXX_LANGUAGE_STANDARD = "gnu++20";
				CLANG_ENABLE_MODULES = YES;
				CLANG_ENABLE_OBJC_ARC = YES;
				CLANG_ENABLE_OBJC_WEAK = YES;
				CLANG_WARN_BLOCK_CAPTURE_AUTORELEASING = YES;
				CLANG_WARN_BOOL_CONVERSION = YES;
				CLANG_WARN_COMMA = YES;
				CLANG_WARN_CONSTANT_CONVERSION = YES;
				CLANG_WARN_DEPRECATED_OBJC_IMPLEMENTATIONS = YES;
				CLANG_WARN_DIRECT_OBJC_ISA_USAGE = YES_ERROR;
				CLANG_WARN_DOCUMENTATION_COMMENTS = YES;
				CLANG_WARN_EMPTY_BODY = YES;
				CLANG_WARN_ENUM_CONVERSION = YES;
				CLANG_WARN_INFINITE_RECURSION = YES;
				CLANG_WARN_INT_CONVERSION = YES;
				CLANG_WARN_NON_LITERAL_NULL_CONVERSION = YES;
				CLANG_WARN_OBJC_IMPLICIT_RETAIN_SELF = YES;
				CLANG_WARN_OBJC_LITERAL_CONVERSION = YES;
				CLANG_WARN_OBJC_ROOT_CLASS = YES_ERROR;
				CLANG_WARN_QUOTED_INCLUDE_IN_FRAMEWORK_HEADER = YES;
				CLANG_WARN_RANGE_LOOP_ANALYSIS = YES;
				CLANG_WARN_STRICT_PROTOTYPES = YES;
				CLANG_WARN_SUSPICIOUS_MOVE = YES;
				CLANG_WARN_UNGUARDED_AVAILABILITY = YES_AGGRESSIVE;
				CLANG_WARN_UNREACHABLE_CODE = YES;
				CLANG_WARN__DUPLICATE_METHOD_MATCH = YES;
				COPY_PHASE_STRIP = NO;
				DEBUG_INFORMATION_FORMAT = "dwarf-with-dsym";
				ENABLE_NS_ASSERTIONS = NO;
				ENABLE_STRICT_OBJC_MSGSEND = YES;
				GCC_C_LANGUAGE_STANDARD = gnu11;
				GCC_NO_COMMON_BLOCKS = YES;
				GCC_WARN_64_TO_32_BIT_CONVERSION = YES;
				GCC_WARN_ABOUT_RETURN_TYPE = YES_ERROR;
				GCC_WARN_UNDECLARED_SELECTOR = YES;
				GCC_WARN_UNINITIALIZED_AUTOS = YES_AGGRESSIVE;
				GCC_WARN_UNUSED_FUNCTION = YES;
				GCC_WARN_UNUSED_VARIABLE = YES;
				IPHONEOS_DEPLOYMENT_TARGET = 16.4;
				MTL_ENABLE_DEBUG_INFO = NO;
				MTL_FAST_MATH = YES;
				SDKROOT = iphoneos;
				SWIFT_COMPILATION_MODE = wholemodule;
				SWIFT_OPTIMIZATION_LEVEL = "-O";
				VALIDATE_PRODUCT = YES;
			};
			name = Release;
		};
		04087BAD2B0C343C0060F473 /* Debug */ = {
			isa = XCBuildConfiguration;
			buildSettings = {
				ASSETCATALOG_COMPILER_APPICON_NAME = AppIcon;
				ASSETCATALOG_COMPILER_GLOBAL_ACCENT_COLOR_NAME = AccentColor;
				CODE_SIGN_STYLE = Automatic;
				CURRENT_PROJECT_VERSION = 1;
				DEVELOPMENT_ASSET_PATHS = "\"ArtiSync/Preview Content\"";
				DEVELOPMENT_TEAM = F57L8R85FR;
				ENABLE_PREVIEWS = YES;
				GENERATE_INFOPLIST_FILE = YES;
				INFOPLIST_KEY_UIApplicationSceneManifest_Generation = YES;
				INFOPLIST_KEY_UIApplicationSupportsIndirectInputEvents = YES;
				INFOPLIST_KEY_UILaunchScreen_Generation = YES;
				INFOPLIST_KEY_UISupportedInterfaceOrientations_iPad = "UIInterfaceOrientationPortrait UIInterfaceOrientationPortraitUpsideDown UIInterfaceOrientationLandscapeLeft UIInterfaceOrientationLandscapeRight";
				INFOPLIST_KEY_UISupportedInterfaceOrientations_iPhone = "UIInterfaceOrientationPortrait UIInterfaceOrientationLandscapeLeft UIInterfaceOrientationLandscapeRight";
				LD_RUNPATH_SEARCH_PATHS = (
					"$(inherited)",
					"@executable_path/Frameworks",
				);
				MARKETING_VERSION = 1.0;
				PRODUCT_BUNDLE_IDENTIFIER = com.presidentraindas.ArtiSync;
				PRODUCT_NAME = "$(TARGET_NAME)";
				SWIFT_EMIT_LOC_STRINGS = YES;
				SWIFT_VERSION = 5.0;
				TARGETED_DEVICE_FAMILY = "1,2";
			};
			name = Debug;
		};
		04087BAE2B0C343C0060F473 /* Release */ = {
			isa = XCBuildConfiguration;
			buildSettings = {
				ASSETCATALOG_COMPILER_APPICON_NAME = AppIcon;
				ASSETCATALOG_COMPILER_GLOBAL_ACCENT_COLOR_NAME = AccentColor;
				CODE_SIGN_STYLE = Automatic;
				CURRENT_PROJECT_VERSION = 1;
				DEVELOPMENT_ASSET_PATHS = "\"ArtiSync/Preview Content\"";
				DEVELOPMENT_TEAM = F57L8R85FR;
				ENABLE_PREVIEWS = YES;
				GENERATE_INFOPLIST_FILE = YES;
				INFOPLIST_KEY_UIApplicationSceneManifest_Generation = YES;
				INFOPLIST_KEY_UIApplicationSupportsIndirectInputEvents = YES;
				INFOPLIST_KEY_UILaunchScreen_Generation = YES;
				INFOPLIST_KEY_UISupportedInterfaceOrientations_iPad = "UIInterfaceOrientationPortrait UIInterfaceOrientationPortraitUpsideDown UIInterfaceOrientationLandscapeLeft UIInterfaceOrientationLandscapeRight";
				INFOPLIST_KEY_UISupportedInterfaceOrientations_iPhone = "UIInterfaceOrientationPortrait UIInterfaceOrientationLandscapeLeft UIInterfaceOrientationLandscapeRight";
				LD_RUNPATH_SEARCH_PATHS = (
					"$(inherited)",
					"@executable_path/Frameworks",
				);
				MARKETING_VERSION = 1.0;
				PRODUCT_BUNDLE_IDENTIFIER = com.presidentraindas.ArtiSync;
				PRODUCT_NAME = "$(TARGET_NAME)";
				SWIFT_EMIT_LOC_STRINGS = YES;
				SWIFT_VERSION = 5.0;
				TARGETED_DEVICE_FAMILY = "1,2";
			};
			name = Release;
		};
/* End XCBuildConfiguration section */

/* Begin XCConfigurationList section */
		04087B992B0C34390060F473 /* Build configuration list for PBXProject "ArtiSync" */ = {
			isa = XCConfigurationList;
			buildConfigurations = (
				04087BAA2B0C343C0060F473 /* Debug */,
				04087BAB2B0C343C0060F473 /* Release */,
			);
			defaultConfigurationIsVisible = 0;
			defaultConfigurationName = Release;
		};
		04087BAC2B0C343C0060F473 /* Build configuration list for PBXNativeTarget "ArtiSync" */ = {
			isa = XCConfigurationList;
			buildConfigurations = (
				04087BAD2B0C343C0060F473 /* Debug */,
				04087BAE2B0C343C0060F473 /* Release */,
			);
			defaultConfigurationIsVisible = 0;
			defaultConfigurationName = Release;
		};
/* End XCConfigurationList section */
	};
	rootObject = 04087B962B0C34390060F473 /* Project object */;
}
