// !$*UTF8*$!
{
	archiveVersion = 1;
	classes = {
	};
	objectVersion = 56;
	objects = {

/* Begin PBXBuildFile section */
		04087BA22B0C34390060F473 /* ArtiSyncApp.swift in Sources */ = {isa = PBXBuildFile; fileRef = 04087BA12B0C34390060F473 /* ArtiSyncApp.swift */; };
		04087BA42B0C34390060F473 /* ContentView.swift in Sources */ = {isa = PBXBuildFile; fileRef = 04087BA32B0C34390060F473 /* ContentView.swift */; };
		04087BA62B0C343C0060F473 /* Assets.xcassets in Resources */ = {isa = PBXBuildFile; fileRef = 04087BA52B0C343C0060F473 /* Assets.xcassets */; };
		04087BA92B0C343C0060F473 /* Preview Assets.xcassets in Resources */ = {isa = PBXBuildFile; fileRef = 04087BA82B0C343C0060F473 /* Preview Assets.xcassets */; };
		04087BB32B0C36280060F473 /* ForYouView.swift in Sources */ = {isa = PBXBuildFile; fileRef = 04087BB22B0C36280060F473 /* ForYouView.swift */; };
		04087BB72B0C36FB0060F473 /* ProjectPost.swift in Sources */ = {isa = PBXBuildFile; fileRef = 04087BB62B0C36FB0060F473 /* ProjectPost.swift */; };
		04087BB92B0C3F4F0060F473 /* FollowingView.swift in Sources */ = {isa = PBXBuildFile; fileRef = 04087BB82B0C3F4F0060F473 /* FollowingView.swift */; };
		04087BBB2B0C3FAF0060F473 /* HomeView.swift in Sources */ = {isa = PBXBuildFile; fileRef = 04087BBA2B0C3FAF0060F473 /* HomeView.swift */; };
		04ACB4762B0CF855002B9668 /* ExploreView.swift in Sources */ = {isa = PBXBuildFile; fileRef = 04ACB4752B0CF855002B9668 /* ExploreView.swift */; };
		04ACB4792B0CFA83002B9668 /* SearchBar.swift in Sources */ = {isa = PBXBuildFile; fileRef = 04ACB4782B0CFA83002B9668 /* SearchBar.swift */; };
		04ACB47B2B0CFF43002B9668 /* ExplorePost.swift in Sources */ = {isa = PBXBuildFile; fileRef = 04ACB47A2B0CFF43002B9668 /* ExplorePost.swift */; };
		04ACB47F2B0D11AC002B9668 /* MarketPlaceView.swift in Sources */ = {isa = PBXBuildFile; fileRef = 04ACB47E2B0D11AC002B9668 /* MarketPlaceView.swift */; };
		04ACB4822B0D18DE002B9668 /* MarketPost.swift in Sources */ = {isa = PBXBuildFile; fileRef = 04ACB4812B0D18DE002B9668 /* MarketPost.swift */; };
		04ACB48A2B0D3F2E002B9668 /* MessagesView.swift in Sources */ = {isa = PBXBuildFile; fileRef = 04ACB4892B0D3F2E002B9668 /* MessagesView.swift */; };
		04ACB48D2B0D42BE002B9668 /* MessageListItem.swift in Sources */ = {isa = PBXBuildFile; fileRef = 04ACB48C2B0D42BD002B9668 /* MessageListItem.swift */; };
		04ACB48F2B0D4675002B9668 /* AccountView.swift in Sources */ = {isa = PBXBuildFile; fileRef = 04ACB48E2B0D4675002B9668 /* AccountView.swift */; };
		04ACB4912B0D88A5002B9668 /* LoginView.swift in Sources */ = {isa = PBXBuildFile; fileRef = 04ACB4902B0D88A5002B9668 /* LoginView.swift */; };
		04ACB4932B0D8BC3002B9668 /* RegisterView.swift in Sources */ = {isa = PBXBuildFile; fileRef = 04ACB4922B0D8BC3002B9668 /* RegisterView.swift */; };
		04ACB4952B0D8CA3002B9668 /* AuthView.swift in Sources */ = {isa = PBXBuildFile; fileRef = 04ACB4942B0D8CA3002B9668 /* AuthView.swift */; };
		04ACB4982B0D8F8D002B9668 /* AuthVM.swift in Sources */ = {isa = PBXBuildFile; fileRef = 04ACB4972B0D8F8D002B9668 /* AuthVM.swift */; };
		04ACB49A2B0D90E3002B9668 /* GoogleService-Info.plist in Resources */ = {isa = PBXBuildFile; fileRef = 04ACB4992B0D90E3002B9668 /* GoogleService-Info.plist */; };
		04ACB49D2B0D934D002B9668 /* FirebaseAnalytics in Frameworks */ = {isa = PBXBuildFile; productRef = 04ACB49C2B0D934D002B9668 /* FirebaseAnalytics */; };
		04ACB49F2B0D934D002B9668 /* FirebaseAnalyticsSwift in Frameworks */ = {isa = PBXBuildFile; productRef = 04ACB49E2B0D934D002B9668 /* FirebaseAnalyticsSwift */; };
/* End PBXBuildFile section */

/* Begin PBXFileReference section */
		04087B9E2B0C34390060F473 /* ArtiSync.app */ = {isa = PBXFileReference; explicitFileType = wrapper.application; includeInIndex = 0; path = ArtiSync.app; sourceTree = BUILT_PRODUCTS_DIR; };
		04087BA12B0C34390060F473 /* ArtiSyncApp.swift */ = {isa = PBXFileReference; lastKnownFileType = sourcecode.swift; path = ArtiSyncApp.swift; sourceTree = "<group>"; };
		04087BA32B0C34390060F473 /* ContentView.swift */ = {isa = PBXFileReference; lastKnownFileType = sourcecode.swift; path = ContentView.swift; sourceTree = "<group>"; };
		04087BA52B0C343C0060F473 /* Assets.xcassets */ = {isa = PBXFileReference; lastKnownFileType = folder.assetcatalog; path = Assets.xcassets; sourceTree = "<group>"; };
		04087BA82B0C343C0060F473 /* Preview Assets.xcassets */ = {isa = PBXFileReference; lastKnownFileType = folder.assetcatalog; path = "Preview Assets.xcassets"; sourceTree = "<group>"; };
		04087BB22B0C36280060F473 /* ForYouView.swift */ = {isa = PBXFileReference; lastKnownFileType = sourcecode.swift; path = ForYouView.swift; sourceTree = "<group>"; };
		04087BB62B0C36FB0060F473 /* ProjectPost.swift */ = {isa = PBXFileReference; lastKnownFileType = sourcecode.swift; path = ProjectPost.swift; sourceTree = "<group>"; };
		04087BB82B0C3F4F0060F473 /* FollowingView.swift */ = {isa = PBXFileReference; lastKnownFileType = sourcecode.swift; path = FollowingView.swift; sourceTree = "<group>"; };
		04087BBA2B0C3FAF0060F473 /* HomeView.swift */ = {isa = PBXFileReference; lastKnownFileType = sourcecode.swift; path = HomeView.swift; sourceTree = "<group>"; };
		04ACB4752B0CF855002B9668 /* ExploreView.swift */ = {isa = PBXFileReference; lastKnownFileType = sourcecode.swift; path = ExploreView.swift; sourceTree = "<group>"; };
		04ACB4782B0CFA83002B9668 /* SearchBar.swift */ = {isa = PBXFileReference; lastKnownFileType = sourcecode.swift; path = SearchBar.swift; sourceTree = "<group>"; };
		04ACB47A2B0CFF43002B9668 /* ExplorePost.swift */ = {isa = PBXFileReference; lastKnownFileType = sourcecode.swift; path = ExplorePost.swift; sourceTree = "<group>"; };
		04ACB47E2B0D11AC002B9668 /* MarketPlaceView.swift */ = {isa = PBXFileReference; lastKnownFileType = sourcecode.swift; path = MarketPlaceView.swift; sourceTree = "<group>"; };
		04ACB4812B0D18DE002B9668 /* MarketPost.swift */ = {isa = PBXFileReference; lastKnownFileType = sourcecode.swift; path = MarketPost.swift; sourceTree = "<group>"; };
		04ACB4892B0D3F2E002B9668 /* MessagesView.swift */ = {isa = PBXFileReference; lastKnownFileType = sourcecode.swift; path = MessagesView.swift; sourceTree = "<group>"; };
		04ACB48C2B0D42BD002B9668 /* MessageListItem.swift */ = {isa = PBXFileReference; lastKnownFileType = sourcecode.swift; path = MessageListItem.swift; sourceTree = "<group>"; };
		04ACB48E2B0D4675002B9668 /* AccountView.swift */ = {isa = PBXFileReference; lastKnownFileType = sourcecode.swift; path = AccountView.swift; sourceTree = "<group>"; };
		04ACB4902B0D88A5002B9668 /* LoginView.swift */ = {isa = PBXFileReference; lastKnownFileType = sourcecode.swift; path = LoginView.swift; sourceTree = "<group>"; };
		04ACB4922B0D8BC3002B9668 /* RegisterView.swift */ = {isa = PBXFileReference; lastKnownFileType = sourcecode.swift; path = RegisterView.swift; sourceTree = "<group>"; };
		04ACB4942B0D8CA3002B9668 /* AuthView.swift */ = {isa = PBXFileReference; lastKnownFileType = sourcecode.swift; path = AuthView.swift; sourceTree = "<group>"; };
		04ACB4972B0D8F8D002B9668 /* AuthVM.swift */ = {isa = PBXFileReference; lastKnownFileType = sourcecode.swift; path = AuthVM.swift; sourceTree = "<group>"; };
		04ACB4992B0D90E3002B9668 /* GoogleService-Info.plist */ = {isa = PBXFileReference; fileEncoding = 4; lastKnownFileType = text.plist.xml; path = "GoogleService-Info.plist"; sourceTree = "<group>"; };
/* End PBXFileReference section */

/* Begin PBXFrameworksBuildPhase section */
		04087B9B2B0C34390060F473 /* Frameworks */ = {
			isa = PBXFrameworksBuildPhase;
			buildActionMask = 2147483647;
			files = (
				04ACB49F2B0D934D002B9668 /* FirebaseAnalyticsSwift in Frameworks */,
				04ACB49D2B0D934D002B9668 /* FirebaseAnalytics in Frameworks */,
			);
			runOnlyForDeploymentPostprocessing = 0;
		};
/* End PBXFrameworksBuildPhase section */

/* Begin PBXGroup section */
		04087B952B0C34390060F473 = {
			isa = PBXGroup;
			children = (
				04087BA02B0C34390060F473 /* ArtiSync */,
				04087B9F2B0C34390060F473 /* Products */,
			);
			sourceTree = "<group>";
		};
		04087B9F2B0C34390060F473 /* Products */ = {
			isa = PBXGroup;
			children = (
				04087B9E2B0C34390060F473 /* ArtiSync.app */,
			);
			name = Products;
			sourceTree = "<group>";
		};
		04087BA02B0C34390060F473 /* ArtiSync */ = {
			isa = PBXGroup;
			children = (
				04ACB4992B0D90E3002B9668 /* GoogleService-Info.plist */,
				04087BA12B0C34390060F473 /* ArtiSyncApp.swift */,
				04087BA32B0C34390060F473 /* ContentView.swift */,
				04087BB42B0C36B40060F473 /* Components */,
				04087BAF2B0C35AE0060F473 /* Main */,
				04087BA52B0C343C0060F473 /* Assets.xcassets */,
				04087BA72B0C343C0060F473 /* Preview Content */,
			);
			path = ArtiSync;
			sourceTree = "<group>";
		};
		04087BA72B0C343C0060F473 /* Preview Content */ = {
			isa = PBXGroup;
			children = (
				04087BA82B0C343C0060F473 /* Preview Assets.xcassets */,
			);
			path = "Preview Content";
			sourceTree = "<group>";
		};
		04087BAF2B0C35AE0060F473 /* Main */ = {
			isa = PBXGroup;
			children = (
				04ACB4872B0D3EF0002B9668 /* Auth */,
				04ACB4852B0D3EDE002B9668 /* Account */,
				04ACB4832B0D3ECA002B9668 /* Messages */,
				04ACB47C2B0D1157002B9668 /* MarketPlace */,
				04ACB4732B0CF835002B9668 /* Explore */,
				04087BB02B0C35C00060F473 /* Home */,
			);
			path = Main;
			sourceTree = "<group>";
		};
		04087BB02B0C35C00060F473 /* Home */ = {
			isa = PBXGroup;
			children = (
				04087BB12B0C35D10060F473 /* Views */,
			);
			path = Home;
			sourceTree = "<group>";
		};
		04087BB12B0C35D10060F473 /* Views */ = {
			isa = PBXGroup;
			children = (
				04087BB22B0C36280060F473 /* ForYouView.swift */,
				04087BB82B0C3F4F0060F473 /* FollowingView.swift */,
				04087BBA2B0C3FAF0060F473 /* HomeView.swift */,
			);
			path = Views;
			sourceTree = "<group>";
		};
		04087BB42B0C36B40060F473 /* Components */ = {
			isa = PBXGroup;
			children = (
				04ACB48B2B0D42A9002B9668 /* Messages */,
				04ACB4802B0D18BC002B9668 /* MarketPlace */,
				04ACB4772B0CF96F002B9668 /* Explore */,
				04087BB52B0C36CA0060F473 /* Home */,
			);
			path = Components;
			sourceTree = "<group>";
		};
		04087BB52B0C36CA0060F473 /* Home */ = {
			isa = PBXGroup;
			children = (
				04087BB62B0C36FB0060F473 /* ProjectPost.swift */,
			);
			path = Home;
			sourceTree = "<group>";
		};
		04ACB4732B0CF835002B9668 /* Explore */ = {
			isa = PBXGroup;
			children = (
				04ACB4742B0CF83C002B9668 /* Views */,
			);
			path = Explore;
			sourceTree = "<group>";
		};
		04ACB4742B0CF83C002B9668 /* Views */ = {
			isa = PBXGroup;
			children = (
				04ACB4752B0CF855002B9668 /* ExploreView.swift */,
			);
			path = Views;
			sourceTree = "<group>";
		};
		04ACB4772B0CF96F002B9668 /* Explore */ = {
			isa = PBXGroup;
			children = (
				04ACB4782B0CFA83002B9668 /* SearchBar.swift */,
				04ACB47A2B0CFF43002B9668 /* ExplorePost.swift */,
			);
			path = Explore;
			sourceTree = "<group>";
		};
		04ACB47C2B0D1157002B9668 /* MarketPlace */ = {
			isa = PBXGroup;
			children = (
				04ACB47D2B0D1183002B9668 /* Views */,
			);
			path = MarketPlace;
			sourceTree = "<group>";
		};
		04ACB47D2B0D1183002B9668 /* Views */ = {
			isa = PBXGroup;
			children = (
				04ACB47E2B0D11AC002B9668 /* MarketPlaceView.swift */,
			);
			path = Views;
			sourceTree = "<group>";
		};
		04ACB4802B0D18BC002B9668 /* MarketPlace */ = {
			isa = PBXGroup;
			children = (
				04ACB4812B0D18DE002B9668 /* MarketPost.swift */,
			);
			path = MarketPlace;
			sourceTree = "<group>";
		};
		04ACB4832B0D3ECA002B9668 /* Messages */ = {
			isa = PBXGroup;
			children = (
				04ACB4842B0D3ED3002B9668 /* Views */,
			);
			path = Messages;
			sourceTree = "<group>";
		};
		04ACB4842B0D3ED3002B9668 /* Views */ = {
			isa = PBXGroup;
			children = (
				04ACB4892B0D3F2E002B9668 /* MessagesView.swift */,
			);
			path = Views;
			sourceTree = "<group>";
		};
		04ACB4852B0D3EDE002B9668 /* Account */ = {
			isa = PBXGroup;
			children = (
				04ACB4862B0D3EE9002B9668 /* Views */,
			);
			path = Account;
			sourceTree = "<group>";
		};
		04ACB4862B0D3EE9002B9668 /* Views */ = {
			isa = PBXGroup;
			children = (
				04ACB48E2B0D4675002B9668 /* AccountView.swift */,
			);
			path = Views;
			sourceTree = "<group>";
		};
		04ACB4872B0D3EF0002B9668 /* Auth */ = {
			isa = PBXGroup;
			children = (
				04ACB4962B0D8F78002B9668 /* ViewModels */,
				04ACB4882B0D3EFE002B9668 /* Views */,
			);
			path = Auth;
			sourceTree = "<group>";
		};
		04ACB4882B0D3EFE002B9668 /* Views */ = {
			isa = PBXGroup;
			children = (
				04ACB4902B0D88A5002B9668 /* LoginView.swift */,
				04ACB4922B0D8BC3002B9668 /* RegisterView.swift */,
				04ACB4942B0D8CA3002B9668 /* AuthView.swift */,
			);
			path = Views;
			sourceTree = "<group>";
		};
		04ACB48B2B0D42A9002B9668 /* Messages */ = {
			isa = PBXGroup;
			children = (
				04ACB48C2B0D42BD002B9668 /* MessageListItem.swift */,
			);
			path = Messages;
			sourceTree = "<group>";
		};
		04ACB4962B0D8F78002B9668 /* ViewModels */ = {
			isa = PBXGroup;
			children = (
				04ACB4972B0D8F8D002B9668 /* AuthVM.swift */,
			);
			path = ViewModels;
			sourceTree = "<group>";
		};
/* End PBXGroup section */

/* Begin PBXNativeTarget section */
		04087B9D2B0C34390060F473 /* ArtiSync */ = {
			isa = PBXNativeTarget;
			buildConfigurationList = 04087BAC2B0C343C0060F473 /* Build configuration list for PBXNativeTarget "ArtiSync" */;
			buildPhases = (
				04087B9A2B0C34390060F473 /* Sources */,
				04087B9B2B0C34390060F473 /* Frameworks */,
				04087B9C2B0C34390060F473 /* Resources */,
			);
			buildRules = (
			);
			dependencies = (
			);
			name = ArtiSync;
			packageProductDependencies = (
				04ACB49C2B0D934D002B9668 /* FirebaseAnalytics */,
				04ACB49E2B0D934D002B9668 /* FirebaseAnalyticsSwift */,
			);
			productName = ArtiSync;
			productReference = 04087B9E2B0C34390060F473 /* ArtiSync.app */;
			productType = "com.apple.product-type.application";
		};
/* End PBXNativeTarget section */

/* Begin PBXProject section */
		04087B962B0C34390060F473 /* Project object */ = {
			isa = PBXProject;
			attributes = {
				BuildIndependentTargetsInParallel = 1;
				LastSwiftUpdateCheck = 1430;
				LastUpgradeCheck = 1430;
				TargetAttributes = {
					04087B9D2B0C34390060F473 = {
						CreatedOnToolsVersion = 14.3.1;
					};
				};
			};
			buildConfigurationList = 04087B992B0C34390060F473 /* Build configuration list for PBXProject "ArtiSync" */;
			compatibilityVersion = "Xcode 14.0";
			developmentRegion = en;
			hasScannedForEncodings = 0;
			knownRegions = (
				en,
				Base,
			);
			mainGroup = 04087B952B0C34390060F473;
			packageReferences = (
				04ACB49B2B0D934D002B9668 /* XCRemoteSwiftPackageReference "firebase-ios-sdk" */,
			);
			productRefGroup = 04087B9F2B0C34390060F473 /* Products */;
			projectDirPath = "";
			projectRoot = "";
			targets = (
				04087B9D2B0C34390060F473 /* ArtiSync */,
			);
		};
/* End PBXProject section */

/* Begin PBXResourcesBuildPhase section */
		04087B9C2B0C34390060F473 /* Resources */ = {
			isa = PBXResourcesBuildPhase;
			buildActionMask = 2147483647;
			files = (
				04087BA92B0C343C0060F473 /* Preview Assets.xcassets in Resources */,
				04ACB49A2B0D90E3002B9668 /* GoogleService-Info.plist in Resources */,
				04087BA62B0C343C0060F473 /* Assets.xcassets in Resources */,
			);
			runOnlyForDeploymentPostprocessing = 0;
		};
/* End PBXResourcesBuildPhase section */

/* Begin PBXSourcesBuildPhase section */
		04087B9A2B0C34390060F473 /* Sources */ = {
			isa = PBXSourcesBuildPhase;
			buildActionMask = 2147483647;
			files = (
				04ACB4982B0D8F8D002B9668 /* AuthVM.swift in Sources */,
				04ACB4762B0CF855002B9668 /* ExploreView.swift in Sources */,
				04087BA42B0C34390060F473 /* ContentView.swift in Sources */,
				04087BB72B0C36FB0060F473 /* ProjectPost.swift in Sources */,
				04ACB4912B0D88A5002B9668 /* LoginView.swift in Sources */,
				04087BB92B0C3F4F0060F473 /* FollowingView.swift in Sources */,
				04ACB48F2B0D4675002B9668 /* AccountView.swift in Sources */,
				04087BBB2B0C3FAF0060F473 /* HomeView.swift in Sources */,
				04ACB4792B0CFA83002B9668 /* SearchBar.swift in Sources */,
				04ACB4822B0D18DE002B9668 /* MarketPost.swift in Sources */,
				04ACB47F2B0D11AC002B9668 /* MarketPlaceView.swift in Sources */,
				04ACB48D2B0D42BE002B9668 /* MessageListItem.swift in Sources */,
				04ACB48A2B0D3F2E002B9668 /* MessagesView.swift in Sources */,
				04087BA22B0C34390060F473 /* ArtiSyncApp.swift in Sources */,
				04ACB4932B0D8BC3002B9668 /* RegisterView.swift in Sources */,
				04ACB4952B0D8CA3002B9668 /* AuthView.swift in Sources */,
				04ACB47B2B0CFF43002B9668 /* ExplorePost.swift in Sources */,
				04087BB32B0C36280060F473 /* ForYouView.swift in Sources */,
			);
			runOnlyForDeploymentPostprocessing = 0;
		};
/* End PBXSourcesBuildPhase section */

/* Begin XCBuildConfiguration section */
		04087BAA2B0C343C0060F473 /* Debug */ = {
			isa = XCBuildConfiguration;
			buildSettings = {
				ALWAYS_SEARCH_USER_PATHS = NO;
				CLANG_ANALYZER_NONNULL = YES;
				CLANG_ANALYZER_NUMBER_OBJECT_CONVERSION = YES_AGGRESSIVE;
				CLANG_CXX_LANGUAGE_STANDARD = "gnu++20";
				CLANG_ENABLE_MODULES = YES;
				CLANG_ENABLE_OBJC_ARC = YES;
				CLANG_ENABLE_OBJC_WEAK = YES;
				CLANG_WARN_BLOCK_CAPTURE_AUTORELEASING = YES;
				CLANG_WARN_BOOL_CONVERSION = YES;
				CLANG_WARN_COMMA = YES;
				CLANG_WARN_CONSTANT_CONVERSION = YES;
				CLANG_WARN_DEPRECATED_OBJC_IMPLEMENTATIONS = YES;
				CLANG_WARN_DIRECT_OBJC_ISA_USAGE = YES_ERROR;
				CLANG_WARN_DOCUMENTATION_COMMENTS = YES;
				CLANG_WARN_EMPTY_BODY = YES;
				CLANG_WARN_ENUM_CONVERSION = YES;
				CLANG_WARN_INFINITE_RECURSION = YES;
				CLANG_WARN_INT_CONVERSION = YES;
				CLANG_WARN_NON_LITERAL_NULL_CONVERSION = YES;
				CLANG_WARN_OBJC_IMPLICIT_RETAIN_SELF = YES;
				CLANG_WARN_OBJC_LITERAL_CONVERSION = YES;
				CLANG_WARN_OBJC_ROOT_CLASS = YES_ERROR;
				CLANG_WARN_QUOTED_INCLUDE_IN_FRAMEWORK_HEADER = YES;
				CLANG_WARN_RANGE_LOOP_ANALYSIS = YES;
				CLANG_WARN_STRICT_PROTOTYPES = YES;
				CLANG_WARN_SUSPICIOUS_MOVE = YES;
				CLANG_WARN_UNGUARDED_AVAILABILITY = YES_AGGRESSIVE;
				CLANG_WARN_UNREACHABLE_CODE = YES;
				CLANG_WARN__DUPLICATE_METHOD_MATCH = YES;
				COPY_PHASE_STRIP = NO;
				DEBUG_INFORMATION_FORMAT = dwarf;
				ENABLE_STRICT_OBJC_MSGSEND = YES;
				ENABLE_TESTABILITY = YES;
				GCC_C_LANGUAGE_STANDARD = gnu11;
				GCC_DYNAMIC_NO_PIC = NO;
				GCC_NO_COMMON_BLOCKS = YES;
				GCC_OPTIMIZATION_LEVEL = 0;
				GCC_PREPROCESSOR_DEFINITIONS = (
					"DEBUG=1",
					"$(inherited)",
				);
				GCC_WARN_64_TO_32_BIT_CONVERSION = YES;
				GCC_WARN_ABOUT_RETURN_TYPE = YES_ERROR;
				GCC_WARN_UNDECLARED_SELECTOR = YES;
				GCC_WARN_UNINITIALIZED_AUTOS = YES_AGGRESSIVE;
				GCC_WARN_UNUSED_FUNCTION = YES;
				GCC_WARN_UNUSED_VARIABLE = YES;
				IPHONEOS_DEPLOYMENT_TARGET = 16.4;
				MTL_ENABLE_DEBUG_INFO = INCLUDE_SOURCE;
				MTL_FAST_MATH = YES;
				ONLY_ACTIVE_ARCH = YES;
				SDKROOT = iphoneos;
				SWIFT_ACTIVE_COMPILATION_CONDITIONS = DEBUG;
				SWIFT_OPTIMIZATION_LEVEL = "-Onone";
			};
			name = Debug;
		};
		04087BAB2B0C343C0060F473 /* Release */ = {
			isa = XCBuildConfiguration;
			buildSettings = {
				ALWAYS_SEARCH_USER_PATHS = NO;
				CLANG_ANALYZER_NONNULL = YES;
				CLANG_ANALYZER_NUMBER_OBJECT_CONVERSION = YES_AGGRESSIVE;
				CLANG_CXX_LANGUAGE_STANDARD = "gnu++20";
				CLANG_ENABLE_MODULES = YES;
				CLANG_ENABLE_OBJC_ARC = YES;
				CLANG_ENABLE_OBJC_WEAK = YES;
				CLANG_WARN_BLOCK_CAPTURE_AUTORELEASING = YES;
				CLANG_WARN_BOOL_CONVERSION = YES;
				CLANG_WARN_COMMA = YES;
				CLANG_WARN_CONSTANT_CONVERSION = YES;
				CLANG_WARN_DEPRECATED_OBJC_IMPLEMENTATIONS = YES;
				CLANG_WARN_DIRECT_OBJC_ISA_USAGE = YES_ERROR;
				CLANG_WARN_DOCUMENTATION_COMMENTS = YES;
				CLANG_WARN_EMPTY_BODY = YES;
				CLANG_WARN_ENUM_CONVERSION = YES;
				CLANG_WARN_INFINITE_RECURSION = YES;
				CLANG_WARN_INT_CONVERSION = YES;
				CLANG_WARN_NON_LITERAL_NULL_CONVERSION = YES;
				CLANG_WARN_OBJC_IMPLICIT_RETAIN_SELF = YES;
				CLANG_WARN_OBJC_LITERAL_CONVERSION = YES;
				CLANG_WARN_OBJC_ROOT_CLASS = YES_ERROR;
				CLANG_WARN_QUOTED_INCLUDE_IN_FRAMEWORK_HEADER = YES;
				CLANG_WARN_RANGE_LOOP_ANALYSIS = YES;
				CLANG_WARN_STRICT_PROTOTYPES = YES;
				CLANG_WARN_SUSPICIOUS_MOVE = YES;
				CLANG_WARN_UNGUARDED_AVAILABILITY = YES_AGGRESSIVE;
				CLANG_WARN_UNREACHABLE_CODE = YES;
				CLANG_WARN__DUPLICATE_METHOD_MATCH = YES;
				COPY_PHASE_STRIP = NO;
				DEBUG_INFORMATION_FORMAT = "dwarf-with-dsym";
				ENABLE_NS_ASSERTIONS = NO;
				ENABLE_STRICT_OBJC_MSGSEND = YES;
				GCC_C_LANGUAGE_STANDARD = gnu11;
				GCC_NO_COMMON_BLOCKS = YES;
				GCC_WARN_64_TO_32_BIT_CONVERSION = YES;
				GCC_WARN_ABOUT_RETURN_TYPE = YES_ERROR;
				GCC_WARN_UNDECLARED_SELECTOR = YES;
				GCC_WARN_UNINITIALIZED_AUTOS = YES_AGGRESSIVE;
				GCC_WARN_UNUSED_FUNCTION = YES;
				GCC_WARN_UNUSED_VARIABLE = YES;
				IPHONEOS_DEPLOYMENT_TARGET = 16.4;
				MTL_ENABLE_DEBUG_INFO = NO;
				MTL_FAST_MATH = YES;
				SDKROOT = iphoneos;
				SWIFT_COMPILATION_MODE = wholemodule;
				SWIFT_OPTIMIZATION_LEVEL = "-O";
				VALIDATE_PRODUCT = YES;
			};
			name = Release;
		};
		04087BAD2B0C343C0060F473 /* Debug */ = {
			isa = XCBuildConfiguration;
			buildSettings = {
				ASSETCATALOG_COMPILER_APPICON_NAME = AppIcon;
				ASSETCATALOG_COMPILER_GLOBAL_ACCENT_COLOR_NAME = AccentColor;
				CODE_SIGN_STYLE = Automatic;
				CURRENT_PROJECT_VERSION = 1;
				DEVELOPMENT_ASSET_PATHS = "\"ArtiSync/Preview Content\"";
				DEVELOPMENT_TEAM = F57L8R85FR;
				ENABLE_PREVIEWS = YES;
				GENERATE_INFOPLIST_FILE = YES;
				INFOPLIST_KEY_UIApplicationSceneManifest_Generation = YES;
				INFOPLIST_KEY_UIApplicationSupportsIndirectInputEvents = YES;
				INFOPLIST_KEY_UILaunchScreen_Generation = YES;
				INFOPLIST_KEY_UISupportedInterfaceOrientations_iPad = "UIInterfaceOrientationPortrait UIInterfaceOrientationPortraitUpsideDown UIInterfaceOrientationLandscapeLeft UIInterfaceOrientationLandscapeRight";
				INFOPLIST_KEY_UISupportedInterfaceOrientations_iPhone = "UIInterfaceOrientationPortrait UIInterfaceOrientationLandscapeLeft UIInterfaceOrientationLandscapeRight";
				LD_RUNPATH_SEARCH_PATHS = (
					"$(inherited)",
					"@executable_path/Frameworks",
				);
				MARKETING_VERSION = 1.0;
				PRODUCT_BUNDLE_IDENTIFIER = com.presidentraindas.ArtiSync;
				PRODUCT_NAME = "$(TARGET_NAME)";
				SWIFT_EMIT_LOC_STRINGS = YES;
				SWIFT_VERSION = 5.0;
				TARGETED_DEVICE_FAMILY = "1,2";
			};
			name = Debug;
		};
		04087BAE2B0C343C0060F473 /* Release */ = {
			isa = XCBuildConfiguration;
			buildSettings = {
				ASSETCATALOG_COMPILER_APPICON_NAME = AppIcon;
				ASSETCATALOG_COMPILER_GLOBAL_ACCENT_COLOR_NAME = AccentColor;
				CODE_SIGN_STYLE = Automatic;
				CURRENT_PROJECT_VERSION = 1;
				DEVELOPMENT_ASSET_PATHS = "\"ArtiSync/Preview Content\"";
				DEVELOPMENT_TEAM = F57L8R85FR;
				ENABLE_PREVIEWS = YES;
				GENERATE_INFOPLIST_FILE = YES;
				INFOPLIST_KEY_UIApplicationSceneManifest_Generation = YES;
				INFOPLIST_KEY_UIApplicationSupportsIndirectInputEvents = YES;
				INFOPLIST_KEY_UILaunchScreen_Generation = YES;
				INFOPLIST_KEY_UISupportedInterfaceOrientations_iPad = "UIInterfaceOrientationPortrait UIInterfaceOrientationPortraitUpsideDown UIInterfaceOrientationLandscapeLeft UIInterfaceOrientationLandscapeRight";
				INFOPLIST_KEY_UISupportedInterfaceOrientations_iPhone = "UIInterfaceOrientationPortrait UIInterfaceOrientationLandscapeLeft UIInterfaceOrientationLandscapeRight";
				LD_RUNPATH_SEARCH_PATHS = (
					"$(inherited)",
					"@executable_path/Frameworks",
				);
				MARKETING_VERSION = 1.0;
				PRODUCT_BUNDLE_IDENTIFIER = com.presidentraindas.ArtiSync;
				PRODUCT_NAME = "$(TARGET_NAME)";
				SWIFT_EMIT_LOC_STRINGS = YES;
				SWIFT_VERSION = 5.0;
				TARGETED_DEVICE_FAMILY = "1,2";
			};
			name = Release;
		};
/* End XCBuildConfiguration section */

/* Begin XCConfigurationList section */
		04087B992B0C34390060F473 /* Build configuration list for PBXProject "ArtiSync" */ = {
			isa = XCConfigurationList;
			buildConfigurations = (
				04087BAA2B0C343C0060F473 /* Debug */,
				04087BAB2B0C343C0060F473 /* Release */,
			);
			defaultConfigurationIsVisible = 0;
			defaultConfigurationName = Release;
		};
		04087BAC2B0C343C0060F473 /* Build configuration list for PBXNativeTarget "ArtiSync" */ = {
			isa = XCConfigurationList;
			buildConfigurations = (
				04087BAD2B0C343C0060F473 /* Debug */,
				04087BAE2B0C343C0060F473 /* Release */,
			);
			defaultConfigurationIsVisible = 0;
			defaultConfigurationName = Release;
		};
/* End XCConfigurationList section */

/* Begin XCRemoteSwiftPackageReference section */
		04ACB49B2B0D934D002B9668 /* XCRemoteSwiftPackageReference "firebase-ios-sdk" */ = {
			isa = XCRemoteSwiftPackageReference;
			repositoryURL = "https://github.com/firebase/firebase-ios-sdk";
			requirement = {
				kind = upToNextMajorVersion;
				minimumVersion = 10.0.0;
			};
		};
/* End XCRemoteSwiftPackageReference section */

/* Begin XCSwiftPackageProductDependency section */
		04ACB49C2B0D934D002B9668 /* FirebaseAnalytics */ = {
			isa = XCSwiftPackageProductDependency;
			package = 04ACB49B2B0D934D002B9668 /* XCRemoteSwiftPackageReference "firebase-ios-sdk" */;
			productName = FirebaseAnalytics;
		};
		04ACB49E2B0D934D002B9668 /* FirebaseAnalyticsSwift */ = {
			isa = XCSwiftPackageProductDependency;
			package = 04ACB49B2B0D934D002B9668 /* XCRemoteSwiftPackageReference "firebase-ios-sdk" */;
			productName = FirebaseAnalyticsSwift;
		};
/* End XCSwiftPackageProductDependency section */
	};
	rootObject = 04087B962B0C34390060F473 /* Project object */;
}
